// !$*UTF8*$!
{
	archiveVersion = 1;
	classes = {
	};
	objectVersion = 56;
	objects = {

/* Begin PBXBuildFile section */
		0EFF5AE87F175E278D167941 /* CreditManager.swift in Sources */ = {isa = PBXBuildFile; fileRef = 4BEB2D6552AFB6AB0311814B /* CreditManager.swift */; };
		1E84D1DFE6FF62704A4DA1A7 /* PaywallView.swift in Sources */ = {isa = PBXBuildFile; fileRef = 942EA7AB9A670BD8CC090DEF /* PaywallView.swift */; };
		3AD0047A7E444A7382782F0E /* dist in Resources */ = {isa = PBXBuildFile; fileRef = AD9AEE17CF4678F0F13F35B9 /* dist */; };
		508ABFF3F315D702FD01405A /* WebKit.framework in Frameworks */ = {isa = PBXBuildFile; fileRef = 135D9890D321175612158EE2 /* WebKit.framework */; };
		5CB7C4506AB1D38D2A5C978B /* DumpsterApp.swift in Sources */ = {isa = PBXBuildFile; fileRef = E2EF2DF6E4FCD33732C83403 /* DumpsterApp.swift */; };
		614D3E65DB0447D958D096A5 /* FileCabinetMenuView.swift in Sources */ = {isa = PBXBuildFile; fileRef = 976F59813A22C1FE20995D5D /* FileCabinetMenuView.swift */; };
		744D41C3B53C0DD9B32BA428 /* DumpCaption.swift in Sources */ = {isa = PBXBuildFile; fileRef = 6F80D6842A3F2E2562A0926D /* DumpCaption.swift */; };
		770E6DAF6E7FCAB3899F51E1 /* LLMService.swift in Sources */ = {isa = PBXBuildFile; fileRef = 8A40D3A91D3B735CC9E9F37D /* LLMService.swift */; };
		7CDB3DEB1C05C8ED453FF3FE /* Vision.framework in Frameworks */ = {isa = PBXBuildFile; fileRef = 9FAFA509DCC5B38F16559E5E /* Vision.framework */; };
		827CDB8546B0D69337FC904C /* DumpPhoto.swift in Sources */ = {isa = PBXBuildFile; fileRef = 18FB4008CEC5180C6AC6B7EE /* DumpPhoto.swift */; };
		871377AF5DCD1946EDC2938F /* ContentView.swift in Sources */ = {isa = PBXBuildFile; fileRef = 8BC4F2FFEDD818FDDC691CB4 /* ContentView.swift */; };
		A5AAFB876367D4D2A11DE74A /* DumpsterSchemeHandler.swift in Sources */ = {isa = PBXBuildFile; fileRef = 9637EDB09413525FBDE8681C /* DumpsterSchemeHandler.swift */; };
		B1C2D3E4F5A6B7C8D9E0F1A2 /* AISuggestView.swift in Sources */ = {isa = PBXBuildFile; fileRef = A1B2C3D4E5F6A7B8C9D0E1F2 /* AISuggestView.swift */; };
		C2D3E4F5A6B7C8D9E0F1A2B3 /* PhotoAnalyzer.swift in Sources */ = {isa = PBXBuildFile; fileRef = B2C3D4E5F6A7B8C9D0E1F2A3 /* PhotoAnalyzer.swift */; };
		D687086BE070123EAB8776E3 /* Theme.swift in Sources */ = {isa = PBXBuildFile; fileRef = 7CDAE5D31CDC43CE3505C7B6 /* Theme.swift */; };
		EB0D5748896835B99BE96D18 /* PhotoStorageManager.swift in Sources */ = {isa = PBXBuildFile; fileRef = C0F40CA50033B8B07FFAC959 /* PhotoStorageManager.swift */; };
		EC83CE521C6FFA186F28F215 /* AppEnums.swift in Sources */ = {isa = PBXBuildFile; fileRef = D4E1EFF72D39C18BA5DBDEF2 /* AppEnums.swift */; };
		F2690B2C2FA5BC44000AA4F6 /* SettingsView.swift in Sources */ = {isa = PBXBuildFile; fileRef = F2690B2B2FA5BC44000AA4F6 /* SettingsView.swift */; };
		F2690B2D2FA5BC44000AA4F6 /* CaptionService.swift in Sources */ = {isa = PBXBuildFile; fileRef = F2690B2A2FA5BC44000AA4F6 /* CaptionService.swift */; };
		FD212AA6B74AAD58FC19138E /* PhotoDump.swift in Sources */ = {isa = PBXBuildFile; fileRef = 36E61C275F679BEBC565B6B8 /* PhotoDump.swift */; };
		FF82148B05EDB0CEFD9202E3 /* Assets.xcassets in Resources */ = {isa = PBXBuildFile; fileRef = 6AD3CCC05D6CCC053A6A8DEE /* Assets.xcassets */; };
/* End PBXBuildFile section */

/* Begin PBXFileReference section */
		135D9890D321175612158EE2 /* WebKit.framework */ = {isa = PBXFileReference; lastKnownFileType = wrapper.framework; name = WebKit.framework; path = System/Library/Frameworks/WebKit.framework; sourceTree = SDKROOT; };
		18FB4008CEC5180C6AC6B7EE /* DumpPhoto.swift */ = {isa = PBXFileReference; includeInIndex = 1; lastKnownFileType = sourcecode.swift; path = DumpPhoto.swift; sourceTree = "<group>"; };
		36E61C275F679BEBC565B6B8 /* PhotoDump.swift */ = {isa = PBXFileReference; includeInIndex = 1; lastKnownFileType = sourcecode.swift; path = PhotoDump.swift; sourceTree = "<group>"; };
		437842ABD9E9037213FD18FC /* DumpsterIOS.app */ = {isa = PBXFileReference; explicitFileType = wrapper.application; includeInIndex = 0; path = DumpsterIOS.app; sourceTree = BUILT_PRODUCTS_DIR; };
		4B4FBAB204DBA8CB45149F47 /* Info.plist */ = {isa = PBXFileReference; lastKnownFileType = text.plist.xml; path = Info.plist; sourceTree = "<group>"; };
		4BEB2D6552AFB6AB0311814B /* CreditManager.swift */ = {isa = PBXFileReference; includeInIndex = 1; lastKnownFileType = sourcecode.swift; path = CreditManager.swift; sourceTree = "<group>"; };
		6AD3CCC05D6CCC053A6A8DEE /* Assets.xcassets */ = {isa = PBXFileReference; lastKnownFileType = folder.assetcatalog; path = Assets.xcassets; sourceTree = "<group>"; };
		6F80D6842A3F2E2562A0926D /* DumpCaption.swift */ = {isa = PBXFileReference; includeInIndex = 1; lastKnownFileType = sourcecode.swift; path = DumpCaption.swift; sourceTree = "<group>"; };
		7CDAE5D31CDC43CE3505C7B6 /* Theme.swift */ = {isa = PBXFileReference; includeInIndex = 1; lastKnownFileType = sourcecode.swift; path = Theme.swift; sourceTree = "<group>"; };
		8A40D3A91D3B735CC9E9F37D /* LLMService.swift */ = {isa = PBXFileReference; includeInIndex = 1; lastKnownFileType = sourcecode.swift; path = LLMService.swift; sourceTree = "<group>"; };
		8BC4F2FFEDD818FDDC691CB4 /* ContentView.swift */ = {isa = PBXFileReference; lastKnownFileType = sourcecode.swift; path = ContentView.swift; sourceTree = "<group>"; };
		942EA7AB9A670BD8CC090DEF /* PaywallView.swift */ = {isa = PBXFileReference; includeInIndex = 1; lastKnownFileType = sourcecode.swift; path = PaywallView.swift; sourceTree = "<group>"; };
		9637EDB09413525FBDE8681C /* DumpsterSchemeHandler.swift */ = {isa = PBXFileReference; lastKnownFileType = sourcecode.swift; path = DumpsterSchemeHandler.swift; sourceTree = "<group>"; };
		976F59813A22C1FE20995D5D /* FileCabinetMenuView.swift */ = {isa = PBXFileReference; includeInIndex = 1; lastKnownFileType = sourcecode.swift; path = FileCabinetMenuView.swift; sourceTree = "<group>"; };
		9FAFA509DCC5B38F16559E5E /* Vision.framework */ = {isa = PBXFileReference; lastKnownFileType = wrapper.framework; name = Vision.framework; path = System/Library/Frameworks/Vision.framework; sourceTree = SDKROOT; };
		A1B2C3D4E5F6A7B8C9D0E1F2 /* AISuggestView.swift */ = {isa = PBXFileReference; lastKnownFileType = sourcecode.swift; path = AISuggestView.swift; sourceTree = "<group>"; };
		AD9AEE17CF4678F0F13F35B9 /* dist */ = {isa = PBXFileReference; lastKnownFileType = folder; path = dist; sourceTree = "<group>"; };
		B2C3D4E5F6A7B8C9D0E1F2A3 /* PhotoAnalyzer.swift */ = {isa = PBXFileReference; lastKnownFileType = sourcecode.swift; path = PhotoAnalyzer.swift; sourceTree = "<group>"; };
		C0F40CA50033B8B07FFAC959 /* PhotoStorageManager.swift */ = {isa = PBXFileReference; includeInIndex = 1; lastKnownFileType = sourcecode.swift; path = PhotoStorageManager.swift; sourceTree = "<group>"; };
		D4E1EFF72D39C18BA5DBDEF2 /* AppEnums.swift */ = {isa = PBXFileReference; includeInIndex = 1; lastKnownFileType = sourcecode.swift; path = AppEnums.swift; sourceTree = "<group>"; };
		E2EF2DF6E4FCD33732C83403 /* DumpsterApp.swift */ = {isa = PBXFileReference; lastKnownFileType = sourcecode.swift; path = DumpsterApp.swift; sourceTree = "<group>"; };
		F2690B2A2FA5BC44000AA4F6 /* CaptionService.swift */ = {isa = PBXFileReference; lastKnownFileType = sourcecode.swift; path = CaptionService.swift; sourceTree = "<group>"; };
		F2690B2B2FA5BC44000AA4F6 /* SettingsView.swift */ = {isa = PBXFileReference; lastKnownFileType = sourcecode.swift; path = SettingsView.swift; sourceTree = "<group>"; };
/* End PBXFileReference section */

/* Begin PBXFrameworksBuildPhase section */
		DB165DB30338336A8CCADFC0 /* Frameworks */ = {
			isa = PBXFrameworksBuildPhase;
			buildActionMask = 2147483647;
			files = (
				508ABFF3F315D702FD01405A /* WebKit.framework in Frameworks */,
				7CDB3DEB1C05C8ED453FF3FE /* Vision.framework in Frameworks */,
			);
			runOnlyForDeploymentPostprocessing = 0;
		};
/* End PBXFrameworksBuildPhase section */

/* Begin PBXGroup section */
		3BEC8A6E8CED6C5D71D1B72C /* Models */ = {
			isa = PBXGroup;
			children = (
				D4E1EFF72D39C18BA5DBDEF2 /* AppEnums.swift */,
				18FB4008CEC5180C6AC6B7EE /* DumpPhoto.swift */,
				36E61C275F679BEBC565B6B8 /* PhotoDump.swift */,
				6F80D6842A3F2E2562A0926D /* DumpCaption.swift */,
			);
			name = Models;
			path = Models;
			sourceTree = "<group>";
		};
		B7092703833006DB08AE3502 /* Utilities */ = {
			isa = PBXGroup;
			children = (
				7CDAE5D31CDC43CE3505C7B6 /* Theme.swift */,
				C0F40CA50033B8B07FFAC959 /* PhotoStorageManager.swift */,
			);
			name = Utilities;
			path = Utilities;
			sourceTree = "<group>";
		};
		C35D572E8A165E0230C5D305 /* DumpsterIOS */ = {
			isa = PBXGroup;
			children = (
				F2690B2A2FA5BC44000AA4F6 /* CaptionService.swift */,
				F2690B2B2FA5BC44000AA4F6 /* SettingsView.swift */,
				E2EF2DF6E4FCD33732C83403 /* DumpsterApp.swift */,
				8BC4F2FFEDD818FDDC691CB4 /* ContentView.swift */,
				9637EDB09413525FBDE8681C /* DumpsterSchemeHandler.swift */,
				A1B2C3D4E5F6A7B8C9D0E1F2 /* AISuggestView.swift */,
				B2C3D4E5F6A7B8C9D0E1F2A3 /* PhotoAnalyzer.swift */,
				4B4FBAB204DBA8CB45149F47 /* Info.plist */,
				6AD3CCC05D6CCC053A6A8DEE /* Assets.xcassets */,
				AD9AEE17CF4678F0F13F35B9 /* dist */,
				4BEB2D6552AFB6AB0311814B /* CreditManager.swift */,
				942EA7AB9A670BD8CC090DEF /* PaywallView.swift */,
				8A40D3A91D3B735CC9E9F37D /* LLMService.swift */,
				976F59813A22C1FE20995D5D /* FileCabinetMenuView.swift */,
				3BEC8A6E8CED6C5D71D1B72C /* Models */,
				B7092703833006DB08AE3502 /* Utilities */,
			);
			path = DumpsterIOS;
			sourceTree = "<group>";
		};
		CBD258B4A8E7AF4F00B11D4B /* Frameworks */ = {
			isa = PBXGroup;
			children = (
				135D9890D321175612158EE2 /* WebKit.framework */,
			);
			name = Frameworks;
			sourceTree = "<group>";
		};
		EACA27BE8C0A90187858EAA2 = {
			isa = PBXGroup;
			children = (
				C35D572E8A165E0230C5D305 /* DumpsterIOS */,
				CBD258B4A8E7AF4F00B11D4B /* Frameworks */,
				F9218EC51AA27B92CCDEBD12 /* Products */,
				F225BDC32F8338DB00B43923 /* Recovered References */,
			);
			sourceTree = "<group>";
		};
		F225BDC32F8338DB00B43923 /* Recovered References */ = {
			isa = PBXGroup;
			children = (
				9FAFA509DCC5B38F16559E5E /* Vision.framework */,
			);
			name = "Recovered References";
			sourceTree = "<group>";
		};
		F9218EC51AA27B92CCDEBD12 /* Products */ = {
			isa = PBXGroup;
			children = (
				437842ABD9E9037213FD18FC /* DumpsterIOS.app */,
			);
			name = Products;
			sourceTree = "<group>";
		};
/* End PBXGroup section */

/* Begin PBXNativeTarget section */
		8658B14729F0E2D4C4C17D01 /* DumpsterIOS */ = {
			isa = PBXNativeTarget;
			buildConfigurationList = C942E6E4CB0F24D4B2F7F0DD /* Build configuration list for PBXNativeTarget "DumpsterIOS" */;
			buildPhases = (
				2224DD8D08DF21D6BD5759BE /* Sources */,
				DB165DB30338336A8CCADFC0 /* Frameworks */,
				86E192BD30C1725E676FCA60 /* Resources */,
			);
			buildRules = (
			);
			dependencies = (
			);
			name = DumpsterIOS;
			productName = DumpsterIOS;
			productReference = 437842ABD9E9037213FD18FC /* DumpsterIOS.app */;
			productType = "com.apple.product-type.application";
		};
/* End PBXNativeTarget section */

/* Begin PBXProject section */
		048AA090E50142BFDEF3E1DD /* Project object */ = {
			isa = PBXProject;
			attributes = {
				BuildIndependentTargetsInParallel = 1;
				LastSwiftUpdateCheck = 1500;
				LastUpgradeCheck = 2630;
				TargetAttributes = {
					8658B14729F0E2D4C4C17D01 = {
						CreatedOnToolsVersion = 15.0;
					};
				};
			};
			buildConfigurationList = 21A597547F241EE239DB5C34 /* Build configuration list for PBXProject "DumpsterIOS" */;
			compatibilityVersion = "Xcode 14.0";
			developmentRegion = en;
			hasScannedForEncodings = 0;
			knownRegions = (
				en,
				Base,
			);
			mainGroup = EACA27BE8C0A90187858EAA2;
			productRefGroup = F9218EC51AA27B92CCDEBD12 /* Products */;
			projectDirPath = "";
			projectRoot = "";
			targets = (
				8658B14729F0E2D4C4C17D01 /* DumpsterIOS */,
			);
		};
/* End PBXProject section */

/* Begin PBXResourcesBuildPhase section */
		86E192BD30C1725E676FCA60 /* Resources */ = {
			isa = PBXResourcesBuildPhase;
			buildActionMask = 2147483647;
			files = (
				FF82148B05EDB0CEFD9202E3 /* Assets.xcassets in Resources */,
				3AD0047A7E444A7382782F0E /* dist in Resources */,
			);
			runOnlyForDeploymentPostprocessing = 0;
		};
/* End PBXResourcesBuildPhase section */

/* Begin PBXSourcesBuildPhase section */
		2224DD8D08DF21D6BD5759BE /* Sources */ = {
			isa = PBXSourcesBuildPhase;
			buildActionMask = 2147483647;
			files = (
				5CB7C4506AB1D38D2A5C978B /* DumpsterApp.swift in Sources */,
				871377AF5DCD1946EDC2938F /* ContentView.swift in Sources */,
				A5AAFB876367D4D2A11DE74A /* DumpsterSchemeHandler.swift in Sources */,
				B1C2D3E4F5A6B7C8D9E0F1A2 /* AISuggestView.swift in Sources */,
				C2D3E4F5A6B7C8D9E0F1A2B3 /* PhotoAnalyzer.swift in Sources */,
				F2690B2C2FA5BC44000AA4F6 /* SettingsView.swift in Sources */,
				F2690B2D2FA5BC44000AA4F6 /* CaptionService.swift in Sources */,
				0EFF5AE87F175E278D167941 /* CreditManager.swift in Sources */,
				1E84D1DFE6FF62704A4DA1A7 /* PaywallView.swift in Sources */,
				770E6DAF6E7FCAB3899F51E1 /* LLMService.swift in Sources */,
				614D3E65DB0447D958D096A5 /* FileCabinetMenuView.swift in Sources */,
				EC83CE521C6FFA186F28F215 /* AppEnums.swift in Sources */,
				827CDB8546B0D69337FC904C /* DumpPhoto.swift in Sources */,
				FD212AA6B74AAD58FC19138E /* PhotoDump.swift in Sources */,
				744D41C3B53C0DD9B32BA428 /* DumpCaption.swift in Sources */,
				D687086BE070123EAB8776E3 /* Theme.swift in Sources */,
				EB0D5748896835B99BE96D18 /* PhotoStorageManager.swift in Sources */,
			);
			runOnlyForDeploymentPostprocessing = 0;
		};
/* End PBXSourcesBuildPhase section */

/* Begin XCBuildConfiguration section */
		A5BD97EC78F3B0278A9BD3BF /* Release */ = {
			isa = XCBuildConfiguration;
			buildSettings = {
				ASETCATALOG_COMPILER_APPICON_NAME = AppIcon;
				ASETCATALOG_COMPILER_GLOBAL_ACCENT_COLOR_NAME = AccentColor;
				CODE_SIGN_STYLE = Automatic;
				CURRENT_PROJECT_VERSION = 1;
				GENERATE_INFOPLIST_FILE = NO;
				INFOPLIST_FILE = DumpsterIOS/Info.plist;
				IPHONEOS_DEPLOYMENT_TARGET = 17.0;
				MARKETING_VERSION = 1.0;
				PRODUCT_BUNDLE_IDENTIFIER = com.leescott.dumpster.ios;
				PRODUCT_NAME = "$(TARGET_NAME)";
				SDKROOT = iphoneos;
				SWIFT_EMIT_LOC_STRINGS = YES;
				SWIFT_VERSION = 5.0;
				TARGETED_DEVICE_FAMILY = 1;
			};
			name = Release;
		};
		C9FD329D52FD4FB434B03370 /* Debug */ = {
			isa = XCBuildConfiguration;
			buildSettings = {
				ASETCATALOG_COMPILER_APPICON_NAME = AppIcon;
				ASETCATALOG_COMPILER_GLOBAL_ACCENT_COLOR_NAME = AccentColor;
				CODE_SIGN_STYLE = Automatic;
				CURRENT_PROJECT_VERSION = 1;
				GENERATE_INFOPLIST_FILE = NO;
				INFOPLIST_FILE = DumpsterIOS/Info.plist;
				IPHONEOS_DEPLOYMENT_TARGET = 17.0;
				MARKETING_VERSION = 1.0;
				PRODUCT_BUNDLE_IDENTIFIER = com.leescott.dumpster.ios;
				PRODUCT_NAME = "$(TARGET_NAME)";
				SDKROOT = iphoneos;
				SWIFT_EMIT_LOC_STRINGS = YES;
				SWIFT_VERSION = 5.0;
				TARGETED_DEVICE_FAMILY = 1;
			};
			name = Debug;
		};
		EA5426A1AFBC6B3BDD3A74A5 /* Debug */ = {
			isa = XCBuildConfiguration;
			buildSettings = {
				ALWAYS_SEARCH_USER_PATHS = NO;
				CLANG_ENABLE_MODULES = YES;
				CLANG_ENABLE_OBJC_ARC = YES;
				CLANG_WARN_BLOCK_CAPTURE_AUTORELEASING = YES;
				CLANG_WARN_BOOL_CONVERSION = YES;
				CLANG_WARN_COMMA = YES;
				CLANG_WARN_CONSTANT_CONVERSION = YES;
				CLANG_WARN_DEPRECATED_OBJC_IMPLEMENTATIONS = YES;
				CLANG_WARN_EMPTY_BODY = YES;
				CLANG_WARN_ENUM_CONVERSION = YES;
				CLANG_WARN_INFINITE_RECURSION = YES;
				CLANG_WARN_INT_CONVERSION = YES;
				CLANG_WARN_NON_LITERAL_NULL_CONVERSION = YES;
				CLANG_WARN_OBJC_IMPLICIT_RETAIN_SELF = YES;
				CLANG_WARN_OBJC_LITERAL_CONVERSION = YES;
				CLANG_WARN_QUOTED_INCLUDE_IN_FRAMEWORK_HEADER = YES;
				CLANG_WARN_RANGE_LOOP_ANALYSIS = YES;
				CLANG_WARN_STRICT_PROTOTYPES = YES;
				CLANG_WARN_SUSPICIOUS_MOVE = YES;
				CLANG_WARN_UNREACHABLE_CODE = YES;
				CLANG_WARN__DUPLICATE_METHOD_MATCH = YES;
				COPY_PHASE_STRIP = NO;
				DEBUG_INFORMATION_FORMAT = dwarf;
				DEVELOPMENT_TEAM = 34PQ9W6VVA;
				ENABLE_STRICT_OBJC_MSGSEND = YES;
				ENABLE_TESTABILITY = YES;
				GCC_NO_COMMON_BLOCKS = YES;
				GCC_OPTIMIZATION_LEVEL = 0;
				GCC_PREPROCESSOR_DEFINITIONS = (
					"DEBUG=1",
					"$(inherited)",
				);
				GCC_WARN_64_TO_32_BIT_CONVERSION = YES;
				GCC_WARN_ABOUT_RETURN_TYPE = YES;
				GCC_WARN_UNDECLARED_SELECTOR = YES;
				GCC_WARN_UNINITIALIZED_AUTOS = YES;
				GCC_WARN_UNUSED_FUNCTION = YES;
				GCC_WARN_UNUSED_VARIABLE = YES;
				IPHONEOS_DEPLOYMENT_TARGET = 17.0;
				ONLY_ACTIVE_ARCH = YES;
				SDKROOT = iphoneos;
				STRING_CATALOG_GENERATE_SYMBOLS = YES;
				SWIFT_ACTIVE_COMPILATION_CONDITIONS = DEBUG;
				SWIFT_OPTIMIZATION_LEVEL = "-Onone";
			};
			name = Debug;
		};
		ED4A2BAE9495B52074C31F63 /* Release */ = {
			isa = XCBuildConfiguration;
			buildSettings = {
				ALWAYS_SEARCH_USER_PATHS = NO;
				CLANG_ENABLE_MODULES = YES;
				CLANG_ENABLE_OBJC_ARC = YES;
				CLANG_WARN_BLOCK_CAPTURE_AUTORELEASING = YES;
				CLANG_WARN_BOOL_CONVERSION = YES;
				CLANG_WARN_COMMA = YES;
				CLANG_WARN_CONSTANT_CONVERSION = YES;
				CLANG_WARN_DEPRECATED_OBJC_IMPLEMENTATIONS = YES;
				CLANG_WARN_EMPTY_BODY = YES;
				CLANG_WARN_ENUM_CONVERSION = YES;
				CLANG_WARN_INFINITE_RECURSION = YES;
				CLANG_WARN_INT_CONVERSION = YES;
				CLANG_WARN_NON_LITERAL_NULL_CONVERSION = YES;
				CLANG_WARN_OBJC_IMPLICIT_RETAIN_SELF = YES;
				CLANG_WARN_OBJC_LITERAL_CONVERSION = YES;
				CLANG_WARN_QUOTED_INCLUDE_IN_FRAMEWORK_HEADER = YES;
				CLANG_WARN_RANGE_LOOP_ANALYSIS = YES;
				CLANG_WARN_STRICT_PROTOTYPES = YES;
				CLANG_WARN_SUSPICIOUS_MOVE = YES;
				CLANG_WARN_UNREACHABLE_CODE = YES;
				CLANG_WARN__DUPLICATE_METHOD_MATCH = YES;
				COPY_PHASE_STRIP = NO;
				DEBUG_INFORMATION_FORMAT = "dwarf-with-dsym";
				DEVELOPMENT_TEAM = 34PQ9W6VVA;
				ENABLE_NS_ASSERTIONS = NO;
				ENABLE_STRICT_OBJC_MSGSEND = YES;
				GCC_NO_COMMON_BLOCKS = YES;
				GCC_WARN_64_TO_32_BIT_CONVERSION = YES;
				GCC_WARN_ABOUT_RETURN_TYPE = YES;
				GCC_WARN_UNDECLARED_SELECTOR = YES;
				GCC_WARN_UNINITIALIZED_AUTOS = YES;
				GCC_WARN_UNUSED_FUNCTION = YES;
				GCC_WARN_UNUSED_VARIABLE = YES;
				IPHONEOS_DEPLOYMENT_TARGET = 17.0;
				SDKROOT = iphoneos;
				STRING_CATALOG_GENERATE_SYMBOLS = YES;
				SWIFT_COMPILATION_MODE = wholemodule;
				SWIFT_OPTIMIZATION_LEVEL = "-O";
			};
			name = Release;
		};
/* End XCBuildConfiguration section */

/* Begin XCConfigurationList section */
		21A597547F241EE239DB5C34 /* Build configuration list for PBXProject "DumpsterIOS" */ = {
			isa = XCConfigurationList;
			buildConfigurations = (
				EA5426A1AFBC6B3BDD3A74A5 /* Debug */,
				ED4A2BAE9495B52074C31F63 /* Release */,
			);
			defaultConfigurationIsVisible = 0;
			defaultConfigurationName = Release;
		};
		C942E6E4CB0F24D4B2F7F0DD /* Build configuration list for PBXNativeTarget "DumpsterIOS" */ = {
			isa = XCConfigurationList;
			buildConfigurations = (
				C9FD329D52FD4FB434B03370 /* Debug */,
				A5BD97EC78F3B0278A9BD3BF /* Release */,
			);
			defaultConfigurationIsVisible = 0;
			defaultConfigurationName = Release;
		};
/* End XCConfigurationList section */
	};
	rootObject = 048AA090E50142BFDEF3E1DD /* Project object */;
}
